// !$*UTF8*$!
{
	archiveVersion = 1;
	classes = {
	};
	objectVersion = 56;
	objects = {

/* Begin PBXBuildFile section */
		F68DEF282A49E95100D0057F /* Alamofire in Frameworks */ = {isa = PBXBuildFile; productRef = F68DEF272A49E95100D0057F /* Alamofire */; };
		F692CBF92A48C8E200661CE0 /* VinciApp.swift in Sources */ = {isa = PBXBuildFile; fileRef = F692CBF82A48C8E200661CE0 /* VinciApp.swift */; };
		F692CBFB2A48C8E200661CE0 /* ContentView.swift in Sources */ = {isa = PBXBuildFile; fileRef = F692CBFA2A48C8E200661CE0 /* ContentView.swift */; };
		F692CBFD2A48C8E400661CE0 /* Assets.xcassets in Resources */ = {isa = PBXBuildFile; fileRef = F692CBFC2A48C8E400661CE0 /* Assets.xcassets */; };
		F692CC012A48C8E400661CE0 /* Preview Assets.xcassets in Resources */ = {isa = PBXBuildFile; fileRef = F692CC002A48C8E400661CE0 /* Preview Assets.xcassets */; };
		F692CC0B2A48C8E400661CE0 /* VinciTests.swift in Sources */ = {isa = PBXBuildFile; fileRef = F692CC0A2A48C8E400661CE0 /* VinciTests.swift */; };
		F692CC152A48C8E400661CE0 /* VinciUITests.swift in Sources */ = {isa = PBXBuildFile; fileRef = F692CC142A48C8E400661CE0 /* VinciUITests.swift */; };
		F692CC172A48C8E400661CE0 /* VinciUITestsLaunchTests.swift in Sources */ = {isa = PBXBuildFile; fileRef = F692CC162A48C8E400661CE0 /* VinciUITestsLaunchTests.swift */; };
		F6A7DBCE2A4C8E7A0094EC55 /* Detector.swift in Sources */ = {isa = PBXBuildFile; fileRef = F6A7DBCD2A4C8E7A0094EC55 /* Detector.swift */; };
		F6A7DBD02A4C8E990094EC55 /* ViewController.swift in Sources */ = {isa = PBXBuildFile; fileRef = F6A7DBCF2A4C8E990094EC55 /* ViewController.swift */; };
		F6A7DBD82A4C960E0094EC55 /* YOLOv3.mlmodel in Sources */ = {isa = PBXBuildFile; fileRef = F6A7DBD72A4C960E0094EC55 /* YOLOv3.mlmodel */; };
		F6A7DBDB2A4CD9180094EC55 /* LangChain in Frameworks */ = {isa = PBXBuildFile; productRef = F6A7DBDA2A4CD9180094EC55 /* LangChain */; };
		F6A7DBDD2A4DCF0C0094EC55 /* env.txt in Resources */ = {isa = PBXBuildFile; fileRef = F6A7DBDC2A4DCF0C0094EC55 /* env.txt */; };
		F6FDA6252A50BA5A00891CB1 /* CameraBoxTool.swift in Sources */ = {isa = PBXBuildFile; fileRef = F6FDA6242A50BA5A00891CB1 /* CameraBoxTool.swift */; };
		F6FFE4E62A550E8E00239EAF /* FindEntityTextResponseTool.swift in Sources */ = {isa = PBXBuildFile; fileRef = F6FFE4E52A550E8E00239EAF /* FindEntityTextResponseTool.swift */; };
/* End PBXBuildFile section */

/* Begin PBXContainerItemProxy section */
		F692CC072A48C8E400661CE0 /* PBXContainerItemProxy */ = {
			isa = PBXContainerItemProxy;
			containerPortal = F692CBED2A48C8E200661CE0 /* Project object */;
			proxyType = 1;
			remoteGlobalIDString = F692CBF42A48C8E200661CE0;
			remoteInfo = Vinci;
		};
		F692CC112A48C8E400661CE0 /* PBXContainerItemProxy */ = {
			isa = PBXContainerItemProxy;
			containerPortal = F692CBED2A48C8E200661CE0 /* Project object */;
			proxyType = 1;
			remoteGlobalIDString = F692CBF42A48C8E200661CE0;
			remoteInfo = Vinci;
		};
/* End PBXContainerItemProxy section */

/* Begin PBXFileReference section */
		F68DEF252A49CA7E00D0057F /* Info.plist */ = {isa = PBXFileReference; lastKnownFileType = text.plist; path = Info.plist; sourceTree = "<group>"; };
		F692CBF52A48C8E200661CE0 /* Vinci.app */ = {isa = PBXFileReference; explicitFileType = wrapper.application; includeInIndex = 0; path = Vinci.app; sourceTree = BUILT_PRODUCTS_DIR; };
		F692CBF82A48C8E200661CE0 /* VinciApp.swift */ = {isa = PBXFileReference; lastKnownFileType = sourcecode.swift; path = VinciApp.swift; sourceTree = "<group>"; };
		F692CBFA2A48C8E200661CE0 /* ContentView.swift */ = {isa = PBXFileReference; lastKnownFileType = sourcecode.swift; path = ContentView.swift; sourceTree = "<group>"; };
		F692CBFC2A48C8E400661CE0 /* Assets.xcassets */ = {isa = PBXFileReference; lastKnownFileType = folder.assetcatalog; path = Assets.xcassets; sourceTree = "<group>"; };
		F692CBFE2A48C8E400661CE0 /* Vinci.entitlements */ = {isa = PBXFileReference; lastKnownFileType = text.plist.entitlements; path = Vinci.entitlements; sourceTree = "<group>"; };
		F692CC002A48C8E400661CE0 /* Preview Assets.xcassets */ = {isa = PBXFileReference; lastKnownFileType = folder.assetcatalog; path = "Preview Assets.xcassets"; sourceTree = "<group>"; };
		F692CC062A48C8E400661CE0 /* VinciTests.xctest */ = {isa = PBXFileReference; explicitFileType = wrapper.cfbundle; includeInIndex = 0; path = VinciTests.xctest; sourceTree = BUILT_PRODUCTS_DIR; };
		F692CC0A2A48C8E400661CE0 /* VinciTests.swift */ = {isa = PBXFileReference; lastKnownFileType = sourcecode.swift; path = VinciTests.swift; sourceTree = "<group>"; };
		F692CC102A48C8E400661CE0 /* VinciUITests.xctest */ = {isa = PBXFileReference; explicitFileType = wrapper.cfbundle; includeInIndex = 0; path = VinciUITests.xctest; sourceTree = BUILT_PRODUCTS_DIR; };
		F692CC142A48C8E400661CE0 /* VinciUITests.swift */ = {isa = PBXFileReference; lastKnownFileType = sourcecode.swift; path = VinciUITests.swift; sourceTree = "<group>"; };
		F692CC162A48C8E400661CE0 /* VinciUITestsLaunchTests.swift */ = {isa = PBXFileReference; lastKnownFileType = sourcecode.swift; path = VinciUITestsLaunchTests.swift; sourceTree = "<group>"; };
		F6A7DBCD2A4C8E7A0094EC55 /* Detector.swift */ = {isa = PBXFileReference; lastKnownFileType = sourcecode.swift; path = Detector.swift; sourceTree = "<group>"; };
		F6A7DBCF2A4C8E990094EC55 /* ViewController.swift */ = {isa = PBXFileReference; lastKnownFileType = sourcecode.swift; path = ViewController.swift; sourceTree = "<group>"; };
		F6A7DBD72A4C960E0094EC55 /* YOLOv3.mlmodel */ = {isa = PBXFileReference; lastKnownFileType = file.mlmodel; name = YOLOv3.mlmodel; path = ../../../Downloads/YOLOv3.mlmodel; sourceTree = "<group>"; };
		F6A7DBDC2A4DCF0C0094EC55 /* env.txt */ = {isa = PBXFileReference; lastKnownFileType = text; name = env.txt; path = Vinci/env.txt; sourceTree = "<group>"; };
		F6FDA6242A50BA5A00891CB1 /* CameraBoxTool.swift */ = {isa = PBXFileReference; lastKnownFileType = sourcecode.swift; path = CameraBoxTool.swift; sourceTree = "<group>"; };
		F6FFE4E52A550E8E00239EAF /* FindEntityTextResponseTool.swift */ = {isa = PBXFileReference; lastKnownFileType = sourcecode.swift; path = FindEntityTextResponseTool.swift; sourceTree = "<group>"; };
/* End PBXFileReference section */

/* Begin PBXFrameworksBuildPhase section */
		F692CBF22A48C8E200661CE0 /* Frameworks */ = {
			isa = PBXFrameworksBuildPhase;
			buildActionMask = 2147483647;
			files = (
				F6A7DBDB2A4CD9180094EC55 /* LangChain in Frameworks */,
				F68DEF282A49E95100D0057F /* Alamofire in Frameworks */,
			);
			runOnlyForDeploymentPostprocessing = 0;
		};
		F692CC032A48C8E400661CE0 /* Frameworks */ = {
			isa = PBXFrameworksBuildPhase;
			buildActionMask = 2147483647;
			files = (
			);
			runOnlyForDeploymentPostprocessing = 0;
		};
		F692CC0D2A48C8E400661CE0 /* Frameworks */ = {
			isa = PBXFrameworksBuildPhase;
			buildActionMask = 2147483647;
			files = (
			);
			runOnlyForDeploymentPostprocessing = 0;
		};
/* End PBXFrameworksBuildPhase section */

/* Begin PBXGroup section */
		F692CBEC2A48C8E200661CE0 = {
			isa = PBXGroup;
			children = (
				F6A7DBDC2A4DCF0C0094EC55 /* env.txt */,
				F692CBF72A48C8E200661CE0 /* Vinci */,
				F692CC092A48C8E400661CE0 /* VinciTests */,
				F692CC132A48C8E400661CE0 /* VinciUITests */,
				F692CBF62A48C8E200661CE0 /* Products */,
			);
			sourceTree = "<group>";
		};
		F692CBF62A48C8E200661CE0 /* Products */ = {
			isa = PBXGroup;
			children = (
				F692CBF52A48C8E200661CE0 /* Vinci.app */,
				F692CC062A48C8E400661CE0 /* VinciTests.xctest */,
				F692CC102A48C8E400661CE0 /* VinciUITests.xctest */,
			);
			name = Products;
			sourceTree = "<group>";
		};
		F692CBF72A48C8E200661CE0 /* Vinci */ = {
			isa = PBXGroup;
			children = (
				F68DEF252A49CA7E00D0057F /* Info.plist */,
				F692CC232A48CFE100661CE0 /* Fonts */,
				F692CBF82A48C8E200661CE0 /* VinciApp.swift */,
				F692CBFA2A48C8E200661CE0 /* ContentView.swift */,
				F692CBFC2A48C8E400661CE0 /* Assets.xcassets */,
				F692CBFE2A48C8E400661CE0 /* Vinci.entitlements */,
				F692CBFF2A48C8E400661CE0 /* Preview Content */,
				F6A7DBCD2A4C8E7A0094EC55 /* Detector.swift */,
				F6A7DBCF2A4C8E990094EC55 /* ViewController.swift */,
				F6A7DBD72A4C960E0094EC55 /* YOLOv3.mlmodel */,
				F6FDA6242A50BA5A00891CB1 /* CameraBoxTool.swift */,
				F6FFE4E52A550E8E00239EAF /* FindEntityTextResponseTool.swift */,
			);
			path = Vinci;
			sourceTree = "<group>";
		};
		F692CBFF2A48C8E400661CE0 /* Preview Content */ = {
			isa = PBXGroup;
			children = (
				F692CC002A48C8E400661CE0 /* Preview Assets.xcassets */,
			);
			path = "Preview Content";
			sourceTree = "<group>";
		};
		F692CC092A48C8E400661CE0 /* VinciTests */ = {
			isa = PBXGroup;
			children = (
				F692CC0A2A48C8E400661CE0 /* VinciTests.swift */,
			);
			path = VinciTests;
			sourceTree = "<group>";
		};
		F692CC132A48C8E400661CE0 /* VinciUITests */ = {
			isa = PBXGroup;
			children = (
				F692CC142A48C8E400661CE0 /* VinciUITests.swift */,
				F692CC162A48C8E400661CE0 /* VinciUITestsLaunchTests.swift */,
			);
			path = VinciUITests;
			sourceTree = "<group>";
		};
		F692CC232A48CFE100661CE0 /* Fonts */ = {
			isa = PBXGroup;
			children = (
			);
			path = Fonts;
			sourceTree = "<group>";
		};
/* End PBXGroup section */

/* Begin PBXNativeTarget section */
		F692CBF42A48C8E200661CE0 /* Vinci */ = {
			isa = PBXNativeTarget;
			buildConfigurationList = F692CC1A2A48C8E400661CE0 /* Build configuration list for PBXNativeTarget "Vinci" */;
			buildPhases = (
				F692CBF12A48C8E200661CE0 /* Sources */,
				F692CBF22A48C8E200661CE0 /* Frameworks */,
				F692CBF32A48C8E200661CE0 /* Resources */,
			);
			buildRules = (
			);
			dependencies = (
			);
			name = Vinci;
			packageProductDependencies = (
				F68DEF272A49E95100D0057F /* Alamofire */,
				F6A7DBDA2A4CD9180094EC55 /* LangChain */,
			);
			productName = Vinci;
			productReference = F692CBF52A48C8E200661CE0 /* Vinci.app */;
			productType = "com.apple.product-type.application";
		};
		F692CC052A48C8E400661CE0 /* VinciTests */ = {
			isa = PBXNativeTarget;
			buildConfigurationList = F692CC1D2A48C8E400661CE0 /* Build configuration list for PBXNativeTarget "VinciTests" */;
			buildPhases = (
				F692CC022A48C8E400661CE0 /* Sources */,
				F692CC032A48C8E400661CE0 /* Frameworks */,
				F692CC042A48C8E400661CE0 /* Resources */,
			);
			buildRules = (
			);
			dependencies = (
				F692CC082A48C8E400661CE0 /* PBXTargetDependency */,
			);
			name = VinciTests;
			productName = VinciTests;
			productReference = F692CC062A48C8E400661CE0 /* VinciTests.xctest */;
			productType = "com.apple.product-type.bundle.unit-test";
		};
		F692CC0F2A48C8E400661CE0 /* VinciUITests */ = {
			isa = PBXNativeTarget;
			buildConfigurationList = F692CC202A48C8E400661CE0 /* Build configuration list for PBXNativeTarget "VinciUITests" */;
			buildPhases = (
				F692CC0C2A48C8E400661CE0 /* Sources */,
				F692CC0D2A48C8E400661CE0 /* Frameworks */,
				F692CC0E2A48C8E400661CE0 /* Resources */,
			);
			buildRules = (
			);
			dependencies = (
				F692CC122A48C8E400661CE0 /* PBXTargetDependency */,
			);
			name = VinciUITests;
			productName = VinciUITests;
			productReference = F692CC102A48C8E400661CE0 /* VinciUITests.xctest */;
			productType = "com.apple.product-type.bundle.ui-testing";
		};
/* End PBXNativeTarget section */

/* Begin PBXProject section */
		F692CBED2A48C8E200661CE0 /* Project object */ = {
			isa = PBXProject;
			attributes = {
				BuildIndependentTargetsInParallel = 1;
				LastSwiftUpdateCheck = 1430;
				LastUpgradeCheck = 1430;
				TargetAttributes = {
					F692CBF42A48C8E200661CE0 = {
						CreatedOnToolsVersion = 14.3.1;
					};
					F692CC052A48C8E400661CE0 = {
						CreatedOnToolsVersion = 14.3.1;
						TestTargetID = F692CBF42A48C8E200661CE0;
					};
					F692CC0F2A48C8E400661CE0 = {
						CreatedOnToolsVersion = 14.3.1;
						TestTargetID = F692CBF42A48C8E200661CE0;
					};
				};
			};
			buildConfigurationList = F692CBF02A48C8E200661CE0 /* Build configuration list for PBXProject "Vinci" */;
			compatibilityVersion = "Xcode 14.0";
			developmentRegion = en;
			hasScannedForEncodings = 0;
			knownRegions = (
				en,
				Base,
			);
			mainGroup = F692CBEC2A48C8E200661CE0;
			packageReferences = (
				F68DEF262A49E95100D0057F /* XCRemoteSwiftPackageReference "Alamofire" */,
				F6A7DBD92A4CD9180094EC55 /* XCRemoteSwiftPackageReference "langchain-swift" */,
			);
			productRefGroup = F692CBF62A48C8E200661CE0 /* Products */;
			projectDirPath = "";
			projectRoot = "";
			targets = (
				F692CBF42A48C8E200661CE0 /* Vinci */,
				F692CC052A48C8E400661CE0 /* VinciTests */,
				F692CC0F2A48C8E400661CE0 /* VinciUITests */,
			);
		};
/* End PBXProject section */

/* Begin PBXResourcesBuildPhase section */
		F692CBF32A48C8E200661CE0 /* Resources */ = {
			isa = PBXResourcesBuildPhase;
			buildActionMask = 2147483647;
			files = (
				F6A7DBDD2A4DCF0C0094EC55 /* env.txt in Resources */,
				F692CC012A48C8E400661CE0 /* Preview Assets.xcassets in Resources */,
				F692CBFD2A48C8E400661CE0 /* Assets.xcassets in Resources */,
			);
			runOnlyForDeploymentPostprocessing = 0;
		};
		F692CC042A48C8E400661CE0 /* Resources */ = {
			isa = PBXResourcesBuildPhase;
			buildActionMask = 2147483647;
			files = (
			);
			runOnlyForDeploymentPostprocessing = 0;
		};
		F692CC0E2A48C8E400661CE0 /* Resources */ = {
			isa = PBXResourcesBuildPhase;
			buildActionMask = 2147483647;
			files = (
			);
			runOnlyForDeploymentPostprocessing = 0;
		};
/* End PBXResourcesBuildPhase section */

/* Begin PBXSourcesBuildPhase section */
		F692CBF12A48C8E200661CE0 /* Sources */ = {
			isa = PBXSourcesBuildPhase;
			buildActionMask = 2147483647;
			files = (
				F6FDA6252A50BA5A00891CB1 /* CameraBoxTool.swift in Sources */,
				F6A7DBD82A4C960E0094EC55 /* YOLOv3.mlmodel in Sources */,
				F692CBFB2A48C8E200661CE0 /* ContentView.swift in Sources */,
				F692CBF92A48C8E200661CE0 /* VinciApp.swift in Sources */,
				F6FFE4E62A550E8E00239EAF /* FindEntityTextResponseTool.swift in Sources */,
				F6A7DBD02A4C8E990094EC55 /* ViewController.swift in Sources */,
				F6A7DBCE2A4C8E7A0094EC55 /* Detector.swift in Sources */,
			);
			runOnlyForDeploymentPostprocessing = 0;
		};
		F692CC022A48C8E400661CE0 /* Sources */ = {
			isa = PBXSourcesBuildPhase;
			buildActionMask = 2147483647;
			files = (
				F692CC0B2A48C8E400661CE0 /* VinciTests.swift in Sources */,
			);
			runOnlyForDeploymentPostprocessing = 0;
		};
		F692CC0C2A48C8E400661CE0 /* Sources */ = {
			isa = PBXSourcesBuildPhase;
			buildActionMask = 2147483647;
			files = (
				F692CC172A48C8E400661CE0 /* VinciUITestsLaunchTests.swift in Sources */,
				F692CC152A48C8E400661CE0 /* VinciUITests.swift in Sources */,
			);
			runOnlyForDeploymentPostprocessing = 0;
		};
/* End PBXSourcesBuildPhase section */

/* Begin PBXTargetDependency section */
		F692CC082A48C8E400661CE0 /* PBXTargetDependency */ = {
			isa = PBXTargetDependency;
			target = F692CBF42A48C8E200661CE0 /* Vinci */;
			targetProxy = F692CC072A48C8E400661CE0 /* PBXContainerItemProxy */;
		};
		F692CC122A48C8E400661CE0 /* PBXTargetDependency */ = {
			isa = PBXTargetDependency;
			target = F692CBF42A48C8E200661CE0 /* Vinci */;
			targetProxy = F692CC112A48C8E400661CE0 /* PBXContainerItemProxy */;
		};
/* End PBXTargetDependency section */

/* Begin XCBuildConfiguration section */
		F692CC182A48C8E400661CE0 /* Debug */ = {
			isa = XCBuildConfiguration;
			buildSettings = {
				ALWAYS_SEARCH_USER_PATHS = NO;
				CLANG_ANALYZER_NONNULL = YES;
				CLANG_ANALYZER_NUMBER_OBJECT_CONVERSION = YES_AGGRESSIVE;
				CLANG_CXX_LANGUAGE_STANDARD = "gnu++20";
				CLANG_ENABLE_MODULES = YES;
				CLANG_ENABLE_OBJC_ARC = YES;
				CLANG_ENABLE_OBJC_WEAK = YES;
				CLANG_WARN_BLOCK_CAPTURE_AUTORELEASING = YES;
				CLANG_WARN_BOOL_CONVERSION = YES;
				CLANG_WARN_COMMA = YES;
				CLANG_WARN_CONSTANT_CONVERSION = YES;
				CLANG_WARN_DEPRECATED_OBJC_IMPLEMENTATIONS = YES;
				CLANG_WARN_DIRECT_OBJC_ISA_USAGE = YES_ERROR;
				CLANG_WARN_DOCUMENTATION_COMMENTS = YES;
				CLANG_WARN_EMPTY_BODY = YES;
				CLANG_WARN_ENUM_CONVERSION = YES;
				CLANG_WARN_INFINITE_RECURSION = YES;
				CLANG_WARN_INT_CONVERSION = YES;
				CLANG_WARN_NON_LITERAL_NULL_CONVERSION = YES;
				CLANG_WARN_OBJC_IMPLICIT_RETAIN_SELF = YES;
				CLANG_WARN_OBJC_LITERAL_CONVERSION = YES;
				CLANG_WARN_OBJC_ROOT_CLASS = YES_ERROR;
				CLANG_WARN_QUOTED_INCLUDE_IN_FRAMEWORK_HEADER = YES;
				CLANG_WARN_RANGE_LOOP_ANALYSIS = YES;
				CLANG_WARN_STRICT_PROTOTYPES = YES;
				CLANG_WARN_SUSPICIOUS_MOVE = YES;
				CLANG_WARN_UNGUARDED_AVAILABILITY = YES_AGGRESSIVE;
				CLANG_WARN_UNREACHABLE_CODE = YES;
				CLANG_WARN__DUPLICATE_METHOD_MATCH = YES;
				COPY_PHASE_STRIP = NO;
				DEBUG_INFORMATION_FORMAT = dwarf;
				ENABLE_STRICT_OBJC_MSGSEND = YES;
				ENABLE_TESTABILITY = YES;
				GCC_C_LANGUAGE_STANDARD = gnu11;
				GCC_DYNAMIC_NO_PIC = NO;
				GCC_NO_COMMON_BLOCKS = YES;
				GCC_OPTIMIZATION_LEVEL = 0;
				GCC_PREPROCESSOR_DEFINITIONS = (
					"DEBUG=1",
					"$(inherited)",
				);
				GCC_WARN_64_TO_32_BIT_CONVERSION = YES;
				GCC_WARN_ABOUT_RETURN_TYPE = YES_ERROR;
				GCC_WARN_UNDECLARED_SELECTOR = YES;
				GCC_WARN_UNINITIALIZED_AUTOS = YES_AGGRESSIVE;
				GCC_WARN_UNUSED_FUNCTION = YES;
				GCC_WARN_UNUSED_VARIABLE = YES;
				MTL_ENABLE_DEBUG_INFO = INCLUDE_SOURCE;
				MTL_FAST_MATH = YES;
				ONLY_ACTIVE_ARCH = YES;
				SWIFT_ACTIVE_COMPILATION_CONDITIONS = DEBUG;
				SWIFT_OPTIMIZATION_LEVEL = "-Onone";
			};
			name = Debug;
		};
		F692CC192A48C8E400661CE0 /* Release */ = {
			isa = XCBuildConfiguration;
			buildSettings = {
				ALWAYS_SEARCH_USER_PATHS = NO;
				CLANG_ANALYZER_NONNULL = YES;
				CLANG_ANALYZER_NUMBER_OBJECT_CONVERSION = YES_AGGRESSIVE;
				CLANG_CXX_LANGUAGE_STANDARD = "gnu++20";
				CLANG_ENABLE_MODULES = YES;
				CLANG_ENABLE_OBJC_ARC = YES;
				CLANG_ENABLE_OBJC_WEAK = YES;
				CLANG_WARN_BLOCK_CAPTURE_AUTORELEASING = YES;
				CLANG_WARN_BOOL_CONVERSION = YES;
				CLANG_WARN_COMMA = YES;
				CLANG_WARN_CONSTANT_CONVERSION = YES;
				CLANG_WARN_DEPRECATED_OBJC_IMPLEMENTATIONS = YES;
				CLANG_WARN_DIRECT_OBJC_ISA_USAGE = YES_ERROR;
				CLANG_WARN_DOCUMENTATION_COMMENTS = YES;
				CLANG_WARN_EMPTY_BODY = YES;
				CLANG_WARN_ENUM_CONVERSION = YES;
				CLANG_WARN_INFINITE_RECURSION = YES;
				CLANG_WARN_INT_CONVERSION = YES;
				CLANG_WARN_NON_LITERAL_NULL_CONVERSION = YES;
				CLANG_WARN_OBJC_IMPLICIT_RETAIN_SELF = YES;
				CLANG_WARN_OBJC_LITERAL_CONVERSION = YES;
				CLANG_WARN_OBJC_ROOT_CLASS = YES_ERROR;
				CLANG_WARN_QUOTED_INCLUDE_IN_FRAMEWORK_HEADER = YES;
				CLANG_WARN_RANGE_LOOP_ANALYSIS = YES;
				CLANG_WARN_STRICT_PROTOTYPES = YES;
				CLANG_WARN_SUSPICIOUS_MOVE = YES;
				CLANG_WARN_UNGUARDED_AVAILABILITY = YES_AGGRESSIVE;
				CLANG_WARN_UNREACHABLE_CODE = YES;
				CLANG_WARN__DUPLICATE_METHOD_MATCH = YES;
				COPY_PHASE_STRIP = NO;
				DEBUG_INFORMATION_FORMAT = "dwarf-with-dsym";
				ENABLE_NS_ASSERTIONS = NO;
				ENABLE_STRICT_OBJC_MSGSEND = YES;
				GCC_C_LANGUAGE_STANDARD = gnu11;
				GCC_NO_COMMON_BLOCKS = YES;
				GCC_WARN_64_TO_32_BIT_CONVERSION = YES;
				GCC_WARN_ABOUT_RETURN_TYPE = YES_ERROR;
				GCC_WARN_UNDECLARED_SELECTOR = YES;
				GCC_WARN_UNINITIALIZED_AUTOS = YES_AGGRESSIVE;
				GCC_WARN_UNUSED_FUNCTION = YES;
				GCC_WARN_UNUSED_VARIABLE = YES;
				MTL_ENABLE_DEBUG_INFO = NO;
				MTL_FAST_MATH = YES;
				SWIFT_COMPILATION_MODE = wholemodule;
				SWIFT_OPTIMIZATION_LEVEL = "-O";
			};
			name = Release;
		};
		F692CC1B2A48C8E400661CE0 /* Debug */ = {
			isa = XCBuildConfiguration;
			buildSettings = {
				ASSETCATALOG_COMPILER_APPICON_NAME = AppIcon;
				ASSETCATALOG_COMPILER_GLOBAL_ACCENT_COLOR_NAME = AccentColor;
				CODE_SIGN_ENTITLEMENTS = Vinci/Vinci.entitlements;
				CODE_SIGN_STYLE = Automatic;
				CURRENT_PROJECT_VERSION = 1;
				DEVELOPMENT_ASSET_PATHS = "\"Vinci/Preview Content\"";
				DEVELOPMENT_TEAM = 2RXQS7CK9P;
				ENABLE_HARDENED_RUNTIME = YES;
				ENABLE_PREVIEWS = YES;
				GENERATE_INFOPLIST_FILE = YES;
				INFOPLIST_FILE = Vinci/Info.plist;
				INFOPLIST_KEY_NSCameraUsageDescription = "This app uses the camera to capture photos for image recognition purposes.";
				INFOPLIST_KEY_NSSpeechRecognitionUsageDescription = "Explanation of why your app requires speech recognition";
				"INFOPLIST_KEY_UIApplicationSceneManifest_Generation[sdk=iphoneos*]" = YES;
				"INFOPLIST_KEY_UIApplicationSceneManifest_Generation[sdk=iphonesimulator*]" = YES;
				"INFOPLIST_KEY_UIApplicationSupportsIndirectInputEvents[sdk=iphoneos*]" = YES;
				"INFOPLIST_KEY_UIApplicationSupportsIndirectInputEvents[sdk=iphonesimulator*]" = YES;
				"INFOPLIST_KEY_UILaunchScreen_Generation[sdk=iphoneos*]" = YES;
				"INFOPLIST_KEY_UILaunchScreen_Generation[sdk=iphonesimulator*]" = YES;
				"INFOPLIST_KEY_UIStatusBarStyle[sdk=iphoneos*]" = UIStatusBarStyleDefault;
				"INFOPLIST_KEY_UIStatusBarStyle[sdk=iphonesimulator*]" = UIStatusBarStyleDefault;
				INFOPLIST_KEY_UISupportedInterfaceOrientations_iPad = "UIInterfaceOrientationPortrait UIInterfaceOrientationPortraitUpsideDown UIInterfaceOrientationLandscapeLeft UIInterfaceOrientationLandscapeRight";
				INFOPLIST_KEY_UISupportedInterfaceOrientations_iPhone = "UIInterfaceOrientationPortrait UIInterfaceOrientationLandscapeLeft UIInterfaceOrientationLandscapeRight";
				IPHONEOS_DEPLOYMENT_TARGET = 16.4;
				LD_RUNPATH_SEARCH_PATHS = "@executable_path/Frameworks";
				"LD_RUNPATH_SEARCH_PATHS[sdk=macosx*]" = "@executable_path/../Frameworks";
				MACOSX_DEPLOYMENT_TARGET = 13.3;
				MARKETING_VERSION = 1.0;
				PRODUCT_BUNDLE_IDENTIFIER = com.anessa.Vinci;
				PRODUCT_NAME = "$(TARGET_NAME)";
				SDKROOT = auto;
				SUPPORTED_PLATFORMS = "iphoneos iphonesimulator macosx";
				SWIFT_EMIT_LOC_STRINGS = YES;
				SWIFT_VERSION = 5.0;
				TARGETED_DEVICE_FAMILY = "1,2";
			};
			name = Debug;
		};
		F692CC1C2A48C8E400661CE0 /* Release */ = {
			isa = XCBuildConfiguration;
			buildSettings = {
				ASSETCATALOG_COMPILER_APPICON_NAME = AppIcon;
				ASSETCATALOG_COMPILER_GLOBAL_ACCENT_COLOR_NAME = AccentColor;
				CODE_SIGN_ENTITLEMENTS = Vinci/Vinci.entitlements;
				CODE_SIGN_STYLE = Automatic;
				CURRENT_PROJECT_VERSION = 1;
				DEVELOPMENT_ASSET_PATHS = "\"Vinci/Preview Content\"";
				DEVELOPMENT_TEAM = 2RXQS7CK9P;
				ENABLE_HARDENED_RUNTIME = YES;
				ENABLE_PREVIEWS = YES;
				GENERATE_INFOPLIST_FILE = YES;
				INFOPLIST_FILE = Vinci/Info.plist;
				INFOPLIST_KEY_NSCameraUsageDescription = "This app uses the camera to capture photos for image recognition purposes.";
				INFOPLIST_KEY_NSSpeechRecognitionUsageDescription = "Explanation of why your app requires speech recognition";
				"INFOPLIST_KEY_UIApplicationSceneManifest_Generation[sdk=iphoneos*]" = YES;
				"INFOPLIST_KEY_UIApplicationSceneManifest_Generation[sdk=iphonesimulator*]" = YES;
				"INFOPLIST_KEY_UIApplicationSupportsIndirectInputEvents[sdk=iphoneos*]" = YES;
				"INFOPLIST_KEY_UIApplicationSupportsIndirectInputEvents[sdk=iphonesimulator*]" = YES;
				"INFOPLIST_KEY_UILaunchScreen_Generation[sdk=iphoneos*]" = YES;
				"INFOPLIST_KEY_UILaunchScreen_Generation[sdk=iphonesimulator*]" = YES;
				"INFOPLIST_KEY_UIStatusBarStyle[sdk=iphoneos*]" = UIStatusBarStyleDefault;
				"INFOPLIST_KEY_UIStatusBarStyle[sdk=iphonesimulator*]" = UIStatusBarStyleDefault;
				INFOPLIST_KEY_UISupportedInterfaceOrientations_iPad = "UIInterfaceOrientationPortrait UIInterfaceOrientationPortraitUpsideDown UIInterfaceOrientationLandscapeLeft UIInterfaceOrientationLandscapeRight";
				INFOPLIST_KEY_UISupportedInterfaceOrientations_iPhone = "UIInterfaceOrientationPortrait UIInterfaceOrientationLandscapeLeft UIInterfaceOrientationLandscapeRight";
				IPHONEOS_DEPLOYMENT_TARGET = 16.4;
				LD_RUNPATH_SEARCH_PATHS = "@executable_path/Frameworks";
				"LD_RUNPATH_SEARCH_PATHS[sdk=macosx*]" = "@executable_path/../Frameworks";
				MACOSX_DEPLOYMENT_TARGET = 13.3;
				MARKETING_VERSION = 1.0;
				PRODUCT_BUNDLE_IDENTIFIER = com.anessa.Vinci;
				PRODUCT_NAME = "$(TARGET_NAME)";
				SDKROOT = auto;
				SUPPORTED_PLATFORMS = "iphoneos iphonesimulator macosx";
				SWIFT_EMIT_LOC_STRINGS = YES;
				SWIFT_VERSION = 5.0;
				TARGETED_DEVICE_FAMILY = "1,2";
			};
			name = Release;
		};
		F692CC1E2A48C8E400661CE0 /* Debug */ = {
			isa = XCBuildConfiguration;
			buildSettings = {
				ALWAYS_EMBED_SWIFT_STANDARD_LIBRARIES = YES;
				BUNDLE_LOADER = "$(TEST_HOST)";
				CODE_SIGN_STYLE = Automatic;
				CURRENT_PROJECT_VERSION = 1;
				DEVELOPMENT_TEAM = 2RXQS7CK9P;
				GENERATE_INFOPLIST_FILE = YES;
				IPHONEOS_DEPLOYMENT_TARGET = 16.4;
				MACOSX_DEPLOYMENT_TARGET = 13.3;
				MARKETING_VERSION = 1.0;
				PRODUCT_BUNDLE_IDENTIFIER = com.anessa.VinciTests;
				PRODUCT_NAME = "$(TARGET_NAME)";
				SDKROOT = auto;
				SUPPORTED_PLATFORMS = "iphoneos iphonesimulator macosx";
				SWIFT_EMIT_LOC_STRINGS = NO;
				SWIFT_VERSION = 5.0;
				TARGETED_DEVICE_FAMILY = "1,2";
				TEST_HOST = "$(BUILT_PRODUCTS_DIR)/Vinci.app/$(BUNDLE_EXECUTABLE_FOLDER_PATH)/Vinci";
			};
			name = Debug;
		};
		F692CC1F2A48C8E400661CE0 /* Release */ = {
			isa = XCBuildConfiguration;
			buildSettings = {
				ALWAYS_EMBED_SWIFT_STANDARD_LIBRARIES = YES;
				BUNDLE_LOADER = "$(TEST_HOST)";
				CODE_SIGN_STYLE = Automatic;
				CURRENT_PROJECT_VERSION = 1;
				DEVELOPMENT_TEAM = 2RXQS7CK9P;
				GENERATE_INFOPLIST_FILE = YES;
				IPHONEOS_DEPLOYMENT_TARGET = 16.4;
				MACOSX_DEPLOYMENT_TARGET = 13.3;
				MARKETING_VERSION = 1.0;
				PRODUCT_BUNDLE_IDENTIFIER = com.anessa.VinciTests;
				PRODUCT_NAME = "$(TARGET_NAME)";
				SDKROOT = auto;
				SUPPORTED_PLATFORMS = "iphoneos iphonesimulator macosx";
				SWIFT_EMIT_LOC_STRINGS = NO;
				SWIFT_VERSION = 5.0;
				TARGETED_DEVICE_FAMILY = "1,2";
				TEST_HOST = "$(BUILT_PRODUCTS_DIR)/Vinci.app/$(BUNDLE_EXECUTABLE_FOLDER_PATH)/Vinci";
			};
			name = Release;
		};
		F692CC212A48C8E400661CE0 /* Debug */ = {
			isa = XCBuildConfiguration;
			buildSettings = {
				ALWAYS_EMBED_SWIFT_STANDARD_LIBRARIES = YES;
				CODE_SIGN_STYLE = Automatic;
				CURRENT_PROJECT_VERSION = 1;
				DEVELOPMENT_TEAM = 2RXQS7CK9P;
				GENERATE_INFOPLIST_FILE = YES;
				IPHONEOS_DEPLOYMENT_TARGET = 16.4;
				MACOSX_DEPLOYMENT_TARGET = 13.3;
				MARKETING_VERSION = 1.0;
				PRODUCT_BUNDLE_IDENTIFIER = com.anessa.VinciUITests;
				PRODUCT_NAME = "$(TARGET_NAME)";
				SDKROOT = auto;
				SUPPORTED_PLATFORMS = "iphoneos iphonesimulator macosx";
				SWIFT_EMIT_LOC_STRINGS = NO;
				SWIFT_VERSION = 5.0;
				TARGETED_DEVICE_FAMILY = "1,2";
				TEST_TARGET_NAME = Vinci;
			};
			name = Debug;
		};
		F692CC222A48C8E400661CE0 /* Release */ = {
			isa = XCBuildConfiguration;
			buildSettings = {
				ALWAYS_EMBED_SWIFT_STANDARD_LIBRARIES = YES;
				CODE_SIGN_STYLE = Automatic;
				CURRENT_PROJECT_VERSION = 1;
				DEVELOPMENT_TEAM = 2RXQS7CK9P;
				GENERATE_INFOPLIST_FILE = YES;
				IPHONEOS_DEPLOYMENT_TARGET = 16.4;
				MACOSX_DEPLOYMENT_TARGET = 13.3;
				MARKETING_VERSION = 1.0;
				PRODUCT_BUNDLE_IDENTIFIER = com.anessa.VinciUITests;
				PRODUCT_NAME = "$(TARGET_NAME)";
				SDKROOT = auto;
				SUPPORTED_PLATFORMS = "iphoneos iphonesimulator macosx";
				SWIFT_EMIT_LOC_STRINGS = NO;
				SWIFT_VERSION = 5.0;
				TARGETED_DEVICE_FAMILY = "1,2";
				TEST_TARGET_NAME = Vinci;
			};
			name = Release;
		};
/* End XCBuildConfiguration section */

/* Begin XCConfigurationList section */
		F692CBF02A48C8E200661CE0 /* Build configuration list for PBXProject "Vinci" */ = {
			isa = XCConfigurationList;
			buildConfigurations = (
				F692CC182A48C8E400661CE0 /* Debug */,
				F692CC192A48C8E400661CE0 /* Release */,
			);
			defaultConfigurationIsVisible = 0;
			defaultConfigurationName = Release;
		};
		F692CC1A2A48C8E400661CE0 /* Build configuration list for PBXNativeTarget "Vinci" */ = {
			isa = XCConfigurationList;
			buildConfigurations = (
				F692CC1B2A48C8E400661CE0 /* Debug */,
				F692CC1C2A48C8E400661CE0 /* Release */,
			);
			defaultConfigurationIsVisible = 0;
			defaultConfigurationName = Release;
		};
		F692CC1D2A48C8E400661CE0 /* Build configuration list for PBXNativeTarget "VinciTests" */ = {
			isa = XCConfigurationList;
			buildConfigurations = (
				F692CC1E2A48C8E400661CE0 /* Debug */,
				F692CC1F2A48C8E400661CE0 /* Release */,
			);
			defaultConfigurationIsVisible = 0;
			defaultConfigurationName = Release;
		};
		F692CC202A48C8E400661CE0 /* Build configuration list for PBXNativeTarget "VinciUITests" */ = {
			isa = XCConfigurationList;
			buildConfigurations = (
				F692CC212A48C8E400661CE0 /* Debug */,
				F692CC222A48C8E400661CE0 /* Release */,
			);
			defaultConfigurationIsVisible = 0;
			defaultConfigurationName = Release;
		};
/* End XCConfigurationList section */

/* Begin XCRemoteSwiftPackageReference section */
		F68DEF262A49E95100D0057F /* XCRemoteSwiftPackageReference "Alamofire" */ = {
			isa = XCRemoteSwiftPackageReference;
			repositoryURL = "https://github.com/Alamofire/Alamofire.git";
			requirement = {
				kind = upToNextMajorVersion;
				minimumVersion = 5.0.0;
			};
		};
		F6A7DBD92A4CD9180094EC55 /* XCRemoteSwiftPackageReference "langchain-swift" */ = {
			isa = XCRemoteSwiftPackageReference;
			repositoryURL = "https://github.com/buhe/langchain-swift.git";
			requirement = {
				kind = upToNextMajorVersion;
				minimumVersion = 0.4.0;
			};
		};
/* End XCRemoteSwiftPackageReference section */

/* Begin XCSwiftPackageProductDependency section */
		F68DEF272A49E95100D0057F /* Alamofire */ = {
			isa = XCSwiftPackageProductDependency;
			package = F68DEF262A49E95100D0057F /* XCRemoteSwiftPackageReference "Alamofire" */;
			productName = Alamofire;
		};
		F6A7DBDA2A4CD9180094EC55 /* LangChain */ = {
			isa = XCSwiftPackageProductDependency;
			package = F6A7DBD92A4CD9180094EC55 /* XCRemoteSwiftPackageReference "langchain-swift" */;
			productName = LangChain;
		};
/* End XCSwiftPackageProductDependency section */
	};
	rootObject = F692CBED2A48C8E200661CE0 /* Project object */;
}
